
Microsoft Visual Studio Solution File, Format Version 12.00
# Visual Studio 15
VisualStudioVersion = 15.0.26430.12
MinimumVisualStudioVersion = 10.0.40219.1
Project("{FAE04EC0-301F-11D3-BF4B-00C04F79EFBC}") = "ChatProtocol", "ChatProtocol\ChatProtocol.csproj", "{294BA14C-55D2-4ED2-810A-9C97031AFC4E}"
EndProject
Project("{FAE04EC0-301F-11D3-BF4B-00C04F79EFBC}") = "ChatClient", "ChatClient\ChatClient.csproj", "{0BAD222A-2450-4ABB-8809-CA23FDD881FF}"
EndProject
Project("{FAE04EC0-301F-11D3-BF4B-00C04F79EFBC}") = "ChatServer", "ChatServer\ChatServer.csproj", "{92EE267F-EE15-4E70-9EC7-AAF6A58E2774}"
EndProject
Global
	GlobalSection(SolutionConfigurationPlatforms) = preSolution
		Debug|Any CPU = Debug|Any CPU
		Release|Any CPU = Release|Any CPU
	EndGlobalSection
	GlobalSection(ProjectConfigurationPlatforms) = postSolution
		{294BA14C-55D2-4ED2-810A-9C97031AFC4E}.Debug|Any CPU.ActiveCfg = Debug|Any CPU
		{294BA14C-55D2-4ED2-810A-9C97031AFC4E}.Debug|Any CPU.Build.0 = Debug|Any CPU
		{294BA14C-55D2-4ED2-810A-9C97031AFC4E}.Release|Any CPU.ActiveCfg = Release|Any CPU
		{294BA14C-55D2-4ED2-810A-9C97031AFC4E}.Release|Any CPU.Build.0 = Release|Any CPU
		{0BAD222A-2450-4ABB-8809-CA23FDD881FF}.Debug|Any CPU.ActiveCfg = Debug|Any CPU
		{0BAD222A-2450-4ABB-8809-CA23FDD881FF}.Debug|Any CPU.Build.0 = Debug|Any CPU
		{0BAD222A-2450-4ABB-8809-CA23FDD881FF}.Release|Any CPU.ActiveCfg = Release|Any CPU
		{0BAD222A-2450-4ABB-8809-CA23FDD881FF}.Release|Any CPU.Build.0 = Release|Any CPU
		{92EE267F-EE15-4E70-9EC7-AAF6A58E2774}.Debug|Any CPU.ActiveCfg = Debug|Any CPU
		{92EE267F-EE15-4E70-9EC7-AAF6A58E2774}.Debug|Any CPU.Build.0 = Debug|Any CPU
		{92EE267F-EE15-4E70-9EC7-AAF6A58E2774}.Release|Any CPU.ActiveCfg = Release|Any CPU
		{92EE267F-EE15-4E70-9EC7-AAF6A58E2774}.Release|Any CPU.Build.0 = Release|Any CPU
	EndGlobalSection
	GlobalSection(SolutionProperties) = preSolution
		HideSolutionNode = FALSE
	EndGlobalSection
EndGlobal
